
Microsoft Visual Studio Solution File, Format Version 12.00
Project("{FAE04EC0-301F-11D3-BF4B-00C04F79EFBC}") = "betting-engine-server", "betting-engine-server.csproj", "{B666C8F7-4C4E-43CF-8A41-ACD4CCD4620D}"
EndProject
Project("{FAE04EC0-301F-11D3-BF4B-00C04F79EFBC}") = "betting-engine-server-tests", "betting-engine-server-tests\betting-engine-server-tests.csproj", "{4D610396-C205-43C9-B5EB-C348D2263FF4}"
EndProject
Global
	GlobalSection(SolutionConfigurationPlatforms) = preSolution
		Debug|Any CPU = Debug|Any CPU
		Release|Any CPU = Release|Any CPU
	EndGlobalSection
	GlobalSection(ProjectConfigurationPlatforms) = postSolution
		{B666C8F7-4C4E-43CF-8A41-ACD4CCD4620D}.Debug|Any CPU.ActiveCfg = Debug|Any CPU
		{B666C8F7-4C4E-43CF-8A41-ACD4CCD4620D}.Debug|Any CPU.Build.0 = Debug|Any CPU
		{B666C8F7-4C4E-43CF-8A41-ACD4CCD4620D}.Release|Any CPU.ActiveCfg = Release|Any CPU
		{B666C8F7-4C4E-43CF-8A41-ACD4CCD4620D}.Release|Any CPU.Build.0 = Release|Any CPU
		{4D610396-C205-43C9-B5EB-C348D2263FF4}.Debug|Any CPU.ActiveCfg = Debug|Any CPU
		{4D610396-C205-43C9-B5EB-C348D2263FF4}.Debug|Any CPU.Build.0 = Debug|Any CPU
		{4D610396-C205-43C9-B5EB-C348D2263FF4}.Release|Any CPU.ActiveCfg = Release|Any CPU
		{4D610396-C205-43C9-B5EB-C348D2263FF4}.Release|Any CPU.Build.0 = Release|Any CPU
	EndGlobalSection
EndGlobal
